<?xml version="1.0" encoding="utf-8"?>
<Project ToolsVersion="4.0" xmlns="http://schemas.microsoft.com/developer/msbuild/2003">
  <ItemGroup>
    <Filter Include="Source Files">
      <UniqueIdentifier>{4FC737F1-C7A5-4376-A066-2A32D752A2FF}</UniqueIdentifier>
      <Extensions>cpp;c;cc;cxx;def;odl;idl;hpj;bat;asm;asmx</Extensions>
    </Filter>
    <Filter Include="Header Files">
      <UniqueIdentifier>{93995380-89BD-4b04-88EB-625FBE52EBFB}</UniqueIdentifier>
      <Extensions>h;hh;hpp;hxx;hm;inl;inc;ipp;xsd</Extensions>
    </Filter>
    <Filter Include="Resource Files">
      <UniqueIdentifier>{67DA6AB6-F800-4c08-8B7A-83BB121AAD01}</UniqueIdentifier>
      <Extensions>rc;ico;cur;bmp;dlg;rc2;rct;bin;rgs;gif;jpg;jpeg;jpe;resx;tiff;tif;png;wav;mfcribbon-ms</Extensions>
    </Filter>
  </ItemGroup>
  <ItemGroup>
    <ClInclude Include="framework.h">
      <Filter>Header Files</Filter>
    </ClInclude>
    <ClInclude Include="pch.h">
      <Filter>Header Files</Filter>
    </ClInclude>
    <ClInclude Include="yara\ahocorasick.h">
      <Filter>Header Files</Filter>
    </ClInclude>
    <ClInclude Include="yara\arena.h">
      <Filter>Header Files</Filter>
    </ClInclude>
    <ClInclude Include="yara\atoms.h">
      <Filter>Header Files</Filter>
    </ClInclude>
    <ClInclude Include="yara\base64.h">
      <Filter>Header Files</Filter>
    </ClInclude>
    <ClInclude Include="yara\bitmask.h">
      <Filter>Header Files</Filter>
    </ClInclude>
    <ClInclude Include="yara\compiler.h">
      <Filter>Header Files</Filter>
    </ClInclude>
    <ClInclude Include="yara\dex.h">
      <Filter>Header Files</Filter>
    </ClInclude>
    <ClInclude Include="yara\dotnet.h">
      <Filter>Header Files</Filter>
    </ClInclude>
    <ClInclude Include="yara\elf.h">
      <Filter>Header Files</Filter>
    </ClInclude>
    <ClInclude Include="yara\endian.h">
      <Filter>Header Files</Filter>
    </ClInclude>
    <ClInclude Include="yara\error.h">
      <Filter>Header Files</Filter>
    </ClInclude>
    <ClInclude Include="yara\exec.h">
      <Filter>Header Files</Filter>
    </ClInclude>
    <ClInclude Include="yara\exefiles.h">
      <Filter>Header Files</Filter>
    </ClInclude>
    <ClInclude Include="yara\filemap.h">
      <Filter>Header Files</Filter>
    </ClInclude>
    <ClInclude Include="yara\globals.h">
      <Filter>Header Files</Filter>
    </ClInclude>
    <ClInclude Include="yara\hash.h">
      <Filter>Header Files</Filter>
    </ClInclude>
    <ClInclude Include="yara\hex_lexer.h">
      <Filter>Header Files</Filter>
    </ClInclude>
    <ClInclude Include="yara\integers.h">
      <Filter>Header Files</Filter>
    </ClInclude>
    <ClInclude Include="yara\lexer.h">
      <Filter>Header Files</Filter>
    </ClInclude>
    <ClInclude Include="yara\libyara.h">
      <Filter>Header Files</Filter>
    </ClInclude>
    <ClInclude Include="yara\limits.h">
      <Filter>Header Files</Filter>
    </ClInclude>
    <ClInclude Include="yara\macho.h">
      <Filter>Header Files</Filter>
    </ClInclude>
    <ClInclude Include="yara\mem.h">
      <Filter>Header Files</Filter>
    </ClInclude>
    <ClInclude Include="yara\modules.h">
      <Filter>Header Files</Filter>
    </ClInclude>
    <ClInclude Include="yara\notebook.h">
      <Filter>Header Files</Filter>
    </ClInclude>
    <ClInclude Include="yara\object.h">
      <Filter>Header Files</Filter>
    </ClInclude>
    <ClInclude Include="yara\parser.h">
      <Filter>Header Files</Filter>
    </ClInclude>
    <ClInclude Include="yara\pe.h">
      <Filter>Header Files</Filter>
    </ClInclude>
    <ClInclude Include="yara\pe_utils.h">
      <Filter>Header Files</Filter>
    </ClInclude>
    <ClInclude Include="yara\proc.h">
      <Filter>Header Files</Filter>
    </ClInclude>
    <ClInclude Include="yara\re.h">
      <Filter>Header Files</Filter>
    </ClInclude>
    <ClInclude Include="yara\re_lexer.h">
      <Filter>Header Files</Filter>
    </ClInclude>
    <ClInclude Include="yara\rules.h">
      <Filter>Header Files</Filter>
    </ClInclude>
    <ClInclude Include="yara\scan.h">
      <Filter>Header Files</Filter>
    </ClInclude>
    <ClInclude Include="yara\scanner.h">
      <Filter>Header Files</Filter>
    </ClInclude>
    <ClInclude Include="yara\sizedstr.h">
      <Filter>Header Files</Filter>
    </ClInclude>
    <ClInclude Include="yara\stack.h">
      <Filter>Header Files</Filter>
    </ClInclude>
    <ClInclude Include="yara\stopwatch.h">
      <Filter>Header Files</Filter>
    </ClInclude>
    <ClInclude Include="yara\stream.h">
      <Filter>Header Files</Filter>
    </ClInclude>
    <ClInclude Include="yara\strutils.h">
      <Filter>Header Files</Filter>
    </ClInclude>
    <ClInclude Include="yara\threading.h">
      <Filter>Header Files</Filter>
    </ClInclude>
    <ClInclude Include="yara\types.h">
      <Filter>Header Files</Filter>
    </ClInclude>
    <ClInclude Include="yara\utils.h">
      <Filter>Header Files</Filter>
    </ClInclude>
    <ClInclude Include="yara.h">
      <Filter>Header Files</Filter>
    </ClInclude>
    <ClInclude Include="evtsvchook.h">
      <Filter>Header Files</Filter>
    </ClInclude>
  </ItemGroup>
  <ItemGroup>
    <ClCompile Include="dllmain.cpp">
      <Filter>Source Files</Filter>
    </ClCompile>
    <ClCompile Include="pch.cpp">
      <Filter>Source Files</Filter>
    </ClCompile>
  </ItemGroup>
</Project>